<?xml version="1.0" encoding="utf-8"?>
<Project ToolsVersion="4.0" xmlns="http://schemas.microsoft.com/developer/msbuild/2003">
  <ItemGroup>
    <Filter Include="源文件">
      <UniqueIdentifier>{4FC737F1-C7A5-4376-A066-2A32D752A2FF}</UniqueIdentifier>
      <Extensions>cpp;c;cc;cxx;c++;cppm;ixx;def;odl;idl;hpj;bat;asm;asmx</Extensions>
    </Filter>
    <Filter Include="头文件">
      <UniqueIdentifier>{93995380-89BD-4b04-88EB-625FBE52EBFB}</UniqueIdentifier>
      <Extensions>h;hh;hpp;hxx;h++;hm;inl;inc;ipp;xsd</Extensions>
    </Filter>
    <Filter Include="资源文件">
      <UniqueIdentifier>{67DA6AB6-F800-4c08-8B7A-83BB121AAD01}</UniqueIdentifier>
      <Extensions>rc;ico;cur;bmp;dlg;rc2;rct;bin;rgs;gif;jpg;jpeg;jpe;resx;tiff;tif;png;wav;mfcribbon-ms</Extensions>
    </Filter>
    <Filter Include="渲染器">
      <UniqueIdentifier>{9C5A3F8F-4C9C-4C1A-8B2A-7E2C6E7F3D4A}</UniqueIdentifier>
    </Filter>
  </ItemGroup>
  <ItemGroup>
    <ClInclude Include="..\include\Layer\Layer.h">
      <Filter>头文件</Filter>
    </ClInclude>
    <ClInclude Include="..\include\Object\Object.h">
      <Filter>头文件</Filter>
    </ClInclude>
    <ClInclude Include="..\include\Object\VKObject.h">
      <Filter>头文件</Filter>
    </ClInclude>
    <ClInclude Include="..\include\Object\GLObject.h">
      <Filter>头文件</Filter>
    </ClInclude>
    <ClInclude Include="..\include\Render\Render.h">
      <Filter>渲染器</Filter>
    </ClInclude>
    <ClInclude Include="..\include\Render\GLRender.h">
      <Filter>渲染器</Filter>
    </ClInclude>
    <ClInclude Include="..\include\Render\VKRender.h">
      <Filter>渲染器</Filter>
    </ClInclude>
    <ClInclude Include="BufferUploadRunnable.h">
      <Filter>头文件</Filter>
    </ClInclude>
    <ClInclude Include="ObjParseRunnable.h">
      <Filter>头文件</Filter>
    </ClInclude>
    <ClInclude Include="VKMesh.h">
      <Filter>头文件</Filter>
    </ClInclude>
    <ClInclude Include="GLMesh.h">
      <Filter>头文件</Filter>
    </ClInclude>
    <ClInclude Include="AssetMeshUpload.h">
      <Filter>头文件</Filter>
    </ClInclude>
    <ClInclude Include="TextureCache.h">
      <Filter>头文件</Filter>
    </ClInclude>
    <ClInclude Include="TextureImport.h">
      <Filter>头文件</Filter>
    </ClInclude>
    <ClInclude Include="GltfParseRunnable.h">
      <Filter>头文件</Filter>
    </ClInclude>
    <ClInclude Include="..\include\Asset\AssetVertex.h">
      <Filter>头文件</Filter>
    </ClInclude>
    <ClInclude Include="..\include\Asset\Texture.h">
      <Filter>头文件</Filter>
    </ClInclude>
    <ClInclude Include="..\include\Asset\Image.h">
      <Filter>头文件</Filter>
    </ClInclude>
    <ClInclude Include="..\include\Asset\Sampler.h">
      <Filter>头文件</Filter>
    </ClInclude>
    <ClInclude Include="..\include\Asset\Material.h">
      <Filter>头文件</Filter>
    </ClInclude>
    <ClInclude Include="..\include\Asset\SubMesh.h">
      <Filter>头文件</Filter>
    </ClInclude>
    <ClInclude Include="..\include\Asset\MeshData.h">
      <Filter>头文件</Filter>
    </ClInclude>
    <ClInclude Include="..\include\Asset\SceneNode.h">
      <Filter>头文件</Filter>
    </ClInclude>
    <ClInclude Include="..\include\Asset\SceneAsset.h">
      <Filter>头文件</Filter>
    </ClInclude>
    <ClInclude Include="..\include\VertexType\VertexTypes.h">
      <Filter>头文件</Filter>
    </ClInclude>
    <ClInclude Include="..\include\Math\EngineTypes.h">
      <Filter>头文件</Filter>
    </ClInclude>
    <ClInclude Include="..\include\Path\AssetPath.h">
      <Filter>头文件</Filter>
    </ClInclude>
    <ClInclude Include="..\include\Texture\TextureTypes.h">
      <Filter>头文件</Filter>
    </ClInclude>
    <ClInclude Include="..\include\Texture\VKTexture.h">
      <Filter>头文件</Filter>
    </ClInclude>
    <ClInclude Include="..\include\Texture\GLTexture.h">
      <Filter>头文件</Filter>
    </ClInclude>
    <ClInclude Include="..\include\Light\SolarPosition.h">
      <Filter>头文件</Filter>
    </ClInclude>
  </ItemGroup>
  <ItemGroup>
    <QtMoc Include="QWindowVulkan.h">
      <Filter>头文件</Filter>
    </QtMoc>
    <QtMoc Include="QWindowOpenGL.h">
      <Filter>头文件</Filter>
    </QtMoc>
    <QtMoc Include="MainWindow.h">
      <Filter>头文件</Filter>
    </QtMoc>
  </ItemGroup>
  <ItemGroup>
    <ClCompile Include="..\include\Layer\Layer.cpp">
      <Filter>源文件</Filter>
    </ClCompile>
    <ClCompile Include="..\include\Object\Object.cpp">
      <Filter>源文件</Filter>
    </ClCompile>
    <ClCompile Include="..\include\Object\VKObject.cpp">
      <Filter>源文件</Filter>
    </ClCompile>
    <ClCompile Include="..\include\Object\GLObject.cpp">
      <Filter>源文件</Filter>
    </ClCompile>
    <ClCompile Include="main.cpp">
      <Filter>源文件</Filter>
    </ClCompile>
    <ClCompile Include="MainWindow.cpp">
      <Filter>源文件</Filter>
    </ClCompile>
    <ClCompile Include="QWindowVulkan.cpp">
      <Filter>源文件</Filter>
    </ClCompile>
    <ClCompile Include="QWindowOpenGL.cpp">
      <Filter>源文件</Filter>
    </ClCompile>
    <ClCompile Include="BufferUploadRunnable.cpp">
      <Filter>源文件</Filter>
    </ClCompile>
    <ClCompile Include="ObjParseRunnable.cpp">
      <Filter>源文件</Filter>
    </ClCompile>
    <ClCompile Include="GltfParseRunnable.cpp">
      <Filter>源文件</Filter>
    </ClCompile>
    <ClCompile Include="AssetMeshUpload.cpp">
      <Filter>源文件</Filter>
    </ClCompile>
    <ClCompile Include="TextureCache.cpp">
      <Filter>源文件</Filter>
    </ClCompile>
    <ClCompile Include="TextureImport.cpp">
      <Filter>源文件</Filter>
    </ClCompile>
    <ClCompile Include="VKMesh.cpp">
      <Filter>源文件</Filter>
    </ClCompile>
    <ClCompile Include="GLMesh.cpp">
      <Filter>源文件</Filter>
    </ClCompile>
    <ClCompile Include="..\include\VertexType\VertexTypes.cpp">
      <Filter>源文件</Filter>
    </ClCompile>
    <ClCompile Include="..\include\Path\AssetPath.cpp">
      <Filter>源文件</Filter>
    </ClCompile>
    <ClCompile Include="..\include\Texture\VKTexture.cpp">
      <Filter>源文件</Filter>
    </ClCompile>
    <ClCompile Include="..\include\Texture\GLTexture.cpp">
      <Filter>源文件</Filter>
    </ClCompile>
    <ClCompile Include="..\include\Light\SolarPosition.cpp">
      <Filter>源文件</Filter>
    </ClCompile>
    <ClCompile Include="..\include\Render\Render.cpp">
      <Filter>渲染器</Filter>
    </ClCompile>
    <ClCompile Include="..\include\Render\GLRender.cpp">
      <Filter>渲染器</Filter>
    </ClCompile>
    <ClCompile Include="..\include\Render\VKRender.cpp">
      <Filter>渲染器</Filter>
    </ClCompile>
  </ItemGroup>
  <ItemGroup>
    <None Include="res\2d.frag" />
    <None Include="res\2d.vert" />
    <None Include="res\3d.frag" />
    <None Include="res\3d.vert" />
    <None Include="res\3d_shadow.frag" />
    <None Include="res\3d_shadow.vert" />
  </ItemGroup>
</Project>